
Microsoft Visual Studio Solution File, Format Version 12.00
# Visual Studio 15
VisualStudioVersion = 15.0.26430.14
MinimumVisualStudioVersion = 10.0.40219.1
Project("{FAE04EC0-301F-11D3-BF4B-00C04F79EFBC}") = "DeviceInfo.Plugin.iOS", "DeviceInfo.Plugin.iOS\DeviceInfo.Plugin.iOS.csproj", "{2882AEEB-D4CD-4EB9-8A6C-6653B33681F0}"
EndProject
Project("{FAE04EC0-301F-11D3-BF4B-00C04F79EFBC}") = "DeviceInfo.Plugin.Android", "DeviceInfo.Plugin.Android\DeviceInfo.Plugin.Android.csproj", "{56A56F17-7DE1-4CA1-9617-BF32E971AC84}"
EndProject
Project("{2150E333-8FDC-42A3-9474-1A3956D46DE8}") = "Solution Items", "Solution Items", "{67E3E554-8449-4AE5-B36E-60BA1881BB82}"
	ProjectSection(SolutionItems) = preProject
		..\.editorconfig = ..\.editorconfig
		..\appveyor.yml = ..\appveyor.yml
		..\bootstrapper.ps1 = ..\bootstrapper.ps1
		..\build.cake = ..\build.cake
		..\nuget\Plugin.nuspec = ..\nuget\Plugin.nuspec
		..\README.md = ..\README.md
		..\nuget\readme.txt = ..\nuget\readme.txt
	EndProjectSection
EndProject
Project("{FAE04EC0-301F-11D3-BF4B-00C04F79EFBC}") = "DeviceInfo.Plugin.UWP", "DeviceInfo.Plugin.UWP\DeviceInfo.Plugin.UWP.csproj", "{329549EB-C0DA-451D-B661-2ADED69082D2}"
EndProject
Project("{FAE04EC0-301F-11D3-BF4B-00C04F79EFBC}") = "DeviceInfo.Plugin.macOS", "DeviceInfo.Plugin.macOS\DeviceInfo.Plugin.macOS.csproj", "{D725C8C0-B76A-4DAA-8838-0809FE1D159F}"
EndProject
Project("{FAE04EC0-301F-11D3-BF4B-00C04F79EFBC}") = "DeviceInfo.Plugin.tvOS", "DeviceInfo.Plugin.tvOS\DeviceInfo.Plugin.tvOS.csproj", "{F4878322-83FA-4B1A-A861-757F8BC401FE}"
EndProject
Project("{FAE04EC0-301F-11D3-BF4B-00C04F79EFBC}") = "DeviceInfo.Plugin.watchOS", "DeviceInfo.Plugin.watchOS\DeviceInfo.Plugin.watchOS.csproj", "{A3EECA14-88CA-48BF-B887-BD1186B4E159}"
EndProject
Project("{FAE04EC0-301F-11D3-BF4B-00C04F79EFBC}") = "DeviceInfo.Plugin", "DeviceInfo.Plugin\DeviceInfo.Plugin.csproj", "{C6A72F40-7AC0-499B-BA16-E1D91D39C2F6}"
EndProject
Project("{2150E333-8FDC-42A3-9474-1A3956D46DE8}") = "Shared", "Shared", "{57CF57DA-6B13-4310-9923-67135344BE0F}"
EndProject
Project("{FAE04EC0-301F-11D3-BF4B-00C04F79EFBC}") = "DeviceInfo.Plugin.Abstractions", "DeviceInfo.Plugin.Abstractions\DeviceInfo.Plugin.Abstractions.csproj", "{9D600088-4991-4F11-9EA1-95C05172D00E}"
EndProject
Global
	GlobalSection(SolutionConfigurationPlatforms) = preSolution
		Debug|Any CPU = Debug|Any CPU
		Debug|ARM = Debug|ARM
		Debug|x64 = Debug|x64
		Debug|x86 = Debug|x86
		Release|Any CPU = Release|Any CPU
		Release|ARM = Release|ARM
		Release|x64 = Release|x64
		Release|x86 = Release|x86
	EndGlobalSection
	GlobalSection(ProjectConfigurationPlatforms) = postSolution
		{2882AEEB-D4CD-4EB9-8A6C-6653B33681F0}.Debug|Any CPU.ActiveCfg = Debug|Any CPU
		{2882AEEB-D4CD-4EB9-8A6C-6653B33681F0}.Debug|Any CPU.Build.0 = Debug|Any CPU
		{2882AEEB-D4CD-4EB9-8A6C-6653B33681F0}.Debug|ARM.ActiveCfg = Debug|Any CPU
		{2882AEEB-D4CD-4EB9-8A6C-6653B33681F0}.Debug|x64.ActiveCfg = Debug|Any CPU
		{2882AEEB-D4CD-4EB9-8A6C-6653B33681F0}.Debug|x86.ActiveCfg = Debug|Any CPU
		{2882AEEB-D4CD-4EB9-8A6C-6653B33681F0}.Release|Any CPU.ActiveCfg = Release|Any CPU
		{2882AEEB-D4CD-4EB9-8A6C-6653B33681F0}.Release|Any CPU.Build.0 = Release|Any CPU
		{2882AEEB-D4CD-4EB9-8A6C-6653B33681F0}.Release|ARM.ActiveCfg = Release|Any CPU
		{2882AEEB-D4CD-4EB9-8A6C-6653B33681F0}.Release|x64.ActiveCfg = Release|Any CPU
		{2882AEEB-D4CD-4EB9-8A6C-6653B33681F0}.Release|x86.ActiveCfg = Release|Any CPU
		{56A56F17-7DE1-4CA1-9617-BF32E971AC84}.Debug|Any CPU.ActiveCfg = Debug|Any CPU
		{56A56F17-7DE1-4CA1-9617-BF32E971AC84}.Debug|Any CPU.Build.0 = Debug|Any CPU
		{56A56F17-7DE1-4CA1-9617-BF32E971AC84}.Debug|ARM.ActiveCfg = Debug|Any CPU
		{56A56F17-7DE1-4CA1-9617-BF32E971AC84}.Debug|x64.ActiveCfg = Debug|Any CPU
		{56A56F17-7DE1-4CA1-9617-BF32E971AC84}.Debug|x86.ActiveCfg = Debug|Any CPU
		{56A56F17-7DE1-4CA1-9617-BF32E971AC84}.Release|Any CPU.ActiveCfg = Release|Any CPU
		{56A56F17-7DE1-4CA1-9617-BF32E971AC84}.Release|Any CPU.Build.0 = Release|Any CPU
		{56A56F17-7DE1-4CA1-9617-BF32E971AC84}.Release|ARM.ActiveCfg = Release|Any CPU
		{56A56F17-7DE1-4CA1-9617-BF32E971AC84}.Release|x64.ActiveCfg = Release|Any CPU
		{56A56F17-7DE1-4CA1-9617-BF32E971AC84}.Release|x86.ActiveCfg = Release|Any CPU
		{329549EB-C0DA-451D-B661-2ADED69082D2}.Debug|Any CPU.ActiveCfg = Debug|Any CPU
		{329549EB-C0DA-451D-B661-2ADED69082D2}.Debug|Any CPU.Build.0 = Debug|Any CPU
		{329549EB-C0DA-451D-B661-2ADED69082D2}.Debug|ARM.ActiveCfg = Debug|ARM
		{329549EB-C0DA-451D-B661-2ADED69082D2}.Debug|ARM.Build.0 = Debug|ARM
		{329549EB-C0DA-451D-B661-2ADED69082D2}.Debug|x64.ActiveCfg = Debug|x64
		{329549EB-C0DA-451D-B661-2ADED69082D2}.Debug|x64.Build.0 = Debug|x64
		{329549EB-C0DA-451D-B661-2ADED69082D2}.Debug|x86.ActiveCfg = Debug|x86
		{329549EB-C0DA-451D-B661-2ADED69082D2}.Debug|x86.Build.0 = Debug|x86
		{329549EB-C0DA-451D-B661-2ADED69082D2}.Release|Any CPU.ActiveCfg = Release|Any CPU
		{329549EB-C0DA-451D-B661-2ADED69082D2}.Release|Any CPU.Build.0 = Release|Any CPU
		{329549EB-C0DA-451D-B661-2ADED69082D2}.Release|ARM.ActiveCfg = Release|ARM
		{329549EB-C0DA-451D-B661-2ADED69082D2}.Release|ARM.Build.0 = Release|ARM
		{329549EB-C0DA-451D-B661-2ADED69082D2}.Release|x64.ActiveCfg = Release|x64
		{329549EB-C0DA-451D-B661-2ADED69082D2}.Release|x64.Build.0 = Release|x64
		{329549EB-C0DA-451D-B661-2ADED69082D2}.Release|x86.ActiveCfg = Release|x86
		{329549EB-C0DA-451D-B661-2ADED69082D2}.Release|x86.Build.0 = Release|x86
		{D725C8C0-B76A-4DAA-8838-0809FE1D159F}.Debug|Any CPU.ActiveCfg = Debug|Any CPU
		{D725C8C0-B76A-4DAA-8838-0809FE1D159F}.Debug|Any CPU.Build.0 = Debug|Any CPU
		{D725C8C0-B76A-4DAA-8838-0809FE1D159F}.Debug|ARM.ActiveCfg = Debug|Any CPU
		{D725C8C0-B76A-4DAA-8838-0809FE1D159F}.Debug|ARM.Build.0 = Debug|Any CPU
		{D725C8C0-B76A-4DAA-8838-0809FE1D159F}.Debug|x64.ActiveCfg = Debug|Any CPU
		{D725C8C0-B76A-4DAA-8838-0809FE1D159F}.Debug|x64.Build.0 = Debug|Any CPU
		{D725C8C0-B76A-4DAA-8838-0809FE1D159F}.Debug|x86.ActiveCfg = Debug|Any CPU
		{D725C8C0-B76A-4DAA-8838-0809FE1D159F}.Debug|x86.Build.0 = Debug|Any CPU
		{D725C8C0-B76A-4DAA-8838-0809FE1D159F}.Release|Any CPU.ActiveCfg = Release|Any CPU
		{D725C8C0-B76A-4DAA-8838-0809FE1D159F}.Release|Any CPU.Build.0 = Release|Any CPU
		{D725C8C0-B76A-4DAA-8838-0809FE1D159F}.Release|ARM.ActiveCfg = Release|Any CPU
		{D725C8C0-B76A-4DAA-8838-0809FE1D159F}.Release|ARM.Build.0 = Release|Any CPU
		{D725C8C0-B76A-4DAA-8838-0809FE1D159F}.Release|x64.ActiveCfg = Release|Any CPU
		{D725C8C0-B76A-4DAA-8838-0809FE1D159F}.Release|x64.Build.0 = Release|Any CPU
		{D725C8C0-B76A-4DAA-8838-0809FE1D159F}.Release|x86.ActiveCfg = Release|Any CPU
		{D725C8C0-B76A-4DAA-8838-0809FE1D159F}.Release|x86.Build.0 = Release|Any CPU
		{F4878322-83FA-4B1A-A861-757F8BC401FE}.Debug|Any CPU.ActiveCfg = Debug|Any CPU
		{F4878322-83FA-4B1A-A861-757F8BC401FE}.Debug|Any CPU.Build.0 = Debug|Any CPU
		{F4878322-83FA-4B1A-A861-757F8BC401FE}.Debug|ARM.ActiveCfg = Debug|Any CPU
		{F4878322-83FA-4B1A-A861-757F8BC401FE}.Debug|ARM.Build.0 = Debug|Any CPU
		{F4878322-83FA-4B1A-A861-757F8BC401FE}.Debug|x64.ActiveCfg = Debug|Any CPU
		{F4878322-83FA-4B1A-A861-757F8BC401FE}.Debug|x64.Build.0 = Debug|Any CPU
		{F4878322-83FA-4B1A-A861-757F8BC401FE}.Debug|x86.ActiveCfg = Debug|Any CPU
		{F4878322-83FA-4B1A-A861-757F8BC401FE}.Debug|x86.Build.0 = Debug|Any CPU
		{F4878322-83FA-4B1A-A861-757F8BC401FE}.Release|Any CPU.ActiveCfg = Release|Any CPU
		{F4878322-83FA-4B1A-A861-757F8BC401FE}.Release|Any CPU.Build.0 = Release|Any CPU
		{F4878322-83FA-4B1A-A861-757F8BC401FE}.Release|ARM.ActiveCfg = Release|Any CPU
		{F4878322-83FA-4B1A-A861-757F8BC401FE}.Release|ARM.Build.0 = Release|Any CPU
		{F4878322-83FA-4B1A-A861-757F8BC401FE}.Release|x64.ActiveCfg = Release|Any CPU
		{F4878322-83FA-4B1A-A861-757F8BC401FE}.Release|x64.Build.0 = Release|Any CPU
		{F4878322-83FA-4B1A-A861-757F8BC401FE}.Release|x86.ActiveCfg = Release|Any CPU
		{F4878322-83FA-4B1A-A861-757F8BC401FE}.Release|x86.Build.0 = Release|Any CPU
		{A3EECA14-88CA-48BF-B887-BD1186B4E159}.Debug|Any CPU.ActiveCfg = Debug|Any CPU
		{A3EECA14-88CA-48BF-B887-BD1186B4E159}.Debug|Any CPU.Build.0 = Debug|Any CPU
		{A3EECA14-88CA-48BF-B887-BD1186B4E159}.Debug|ARM.ActiveCfg = Debug|Any CPU
		{A3EECA14-88CA-48BF-B887-BD1186B4E159}.Debug|ARM.Build.0 = Debug|Any CPU
		{A3EECA14-88CA-48BF-B887-BD1186B4E159}.Debug|x64.ActiveCfg = Debug|Any CPU
		{A3EECA14-88CA-48BF-B887-BD1186B4E159}.Debug|x64.Build.0 = Debug|Any CPU
		{A3EECA14-88CA-48BF-B887-BD1186B4E159}.Debug|x86.ActiveCfg = Debug|Any CPU
		{A3EECA14-88CA-48BF-B887-BD1186B4E159}.Debug|x86.Build.0 = Debug|Any CPU
		{A3EECA14-88CA-48BF-B887-BD1186B4E159}.Release|Any CPU.ActiveCfg = Release|Any CPU
		{A3EECA14-88CA-48BF-B887-BD1186B4E159}.Release|Any CPU.Build.0 = Release|Any CPU
		{A3EECA14-88CA-48BF-B887-BD1186B4E159}.Release|ARM.ActiveCfg = Release|Any CPU
		{A3EECA14-88CA-48BF-B887-BD1186B4E159}.Release|ARM.Build.0 = Release|Any CPU
		{A3EECA14-88CA-48BF-B887-BD1186B4E159}.Release|x64.ActiveCfg = Release|Any CPU
		{A3EECA14-88CA-48BF-B887-BD1186B4E159}.Release|x64.Build.0 = Release|Any CPU
		{A3EECA14-88CA-48BF-B887-BD1186B4E159}.Release|x86.ActiveCfg = Release|Any CPU
		{A3EECA14-88CA-48BF-B887-BD1186B4E159}.Release|x86.Build.0 = Release|Any CPU
		{C6A72F40-7AC0-499B-BA16-E1D91D39C2F6}.Debug|Any CPU.ActiveCfg = Debug|Any CPU
		{C6A72F40-7AC0-499B-BA16-E1D91D39C2F6}.Debug|Any CPU.Build.0 = Debug|Any CPU
		{C6A72F40-7AC0-499B-BA16-E1D91D39C2F6}.Debug|ARM.ActiveCfg = Debug|Any CPU
		{C6A72F40-7AC0-499B-BA16-E1D91D39C2F6}.Debug|ARM.Build.0 = Debug|Any CPU
		{C6A72F40-7AC0-499B-BA16-E1D91D39C2F6}.Debug|x64.ActiveCfg = Debug|Any CPU
		{C6A72F40-7AC0-499B-BA16-E1D91D39C2F6}.Debug|x64.Build.0 = Debug|Any CPU
		{C6A72F40-7AC0-499B-BA16-E1D91D39C2F6}.Debug|x86.ActiveCfg = Debug|Any CPU
		{C6A72F40-7AC0-499B-BA16-E1D91D39C2F6}.Debug|x86.Build.0 = Debug|Any CPU
		{C6A72F40-7AC0-499B-BA16-E1D91D39C2F6}.Release|Any CPU.ActiveCfg = Release|Any CPU
		{C6A72F40-7AC0-499B-BA16-E1D91D39C2F6}.Release|Any CPU.Build.0 = Release|Any CPU
		{C6A72F40-7AC0-499B-BA16-E1D91D39C2F6}.Release|ARM.ActiveCfg = Release|Any CPU
		{C6A72F40-7AC0-499B-BA16-E1D91D39C2F6}.Release|ARM.Build.0 = Release|Any CPU
		{C6A72F40-7AC0-499B-BA16-E1D91D39C2F6}.Release|x64.ActiveCfg = Release|Any CPU
		{C6A72F40-7AC0-499B-BA16-E1D91D39C2F6}.Release|x64.Build.0 = Release|Any CPU
		{C6A72F40-7AC0-499B-BA16-E1D91D39C2F6}.Release|x86.ActiveCfg = Release|Any CPU
		{C6A72F40-7AC0-499B-BA16-E1D91D39C2F6}.Release|x86.Build.0 = Release|Any CPU
		{9D600088-4991-4F11-9EA1-95C05172D00E}.Debug|Any CPU.ActiveCfg = Debug|Any CPU
		{9D600088-4991-4F11-9EA1-95C05172D00E}.Debug|Any CPU.Build.0 = Debug|Any CPU
		{9D600088-4991-4F11-9EA1-95C05172D00E}.Debug|ARM.ActiveCfg = Debug|Any CPU
		{9D600088-4991-4F11-9EA1-95C05172D00E}.Debug|ARM.Build.0 = Debug|Any CPU
		{9D600088-4991-4F11-9EA1-95C05172D00E}.Debug|x64.ActiveCfg = Debug|Any CPU
		{9D600088-4991-4F11-9EA1-95C05172D00E}.Debug|x64.Build.0 = Debug|Any CPU
		{9D600088-4991-4F11-9EA1-95C05172D00E}.Debug|x86.ActiveCfg = Debug|Any CPU
		{9D600088-4991-4F11-9EA1-95C05172D00E}.Debug|x86.Build.0 = Debug|Any CPU
		{9D600088-4991-4F11-9EA1-95C05172D00E}.Release|Any CPU.ActiveCfg = Release|Any CPU
		{9D600088-4991-4F11-9EA1-95C05172D00E}.Release|Any CPU.Build.0 = Release|Any CPU
		{9D600088-4991-4F11-9EA1-95C05172D00E}.Release|ARM.ActiveCfg = Release|Any CPU
		{9D600088-4991-4F11-9EA1-95C05172D00E}.Release|ARM.Build.0 = Release|Any CPU
		{9D600088-4991-4F11-9EA1-95C05172D00E}.Release|x64.ActiveCfg = Release|Any CPU
		{9D600088-4991-4F11-9EA1-95C05172D00E}.Release|x64.Build.0 = Release|Any CPU
		{9D600088-4991-4F11-9EA1-95C05172D00E}.Release|x86.ActiveCfg = Release|Any CPU
		{9D600088-4991-4F11-9EA1-95C05172D00E}.Release|x86.Build.0 = Release|Any CPU
	EndGlobalSection
	GlobalSection(SolutionProperties) = preSolution
		HideSolutionNode = FALSE
	EndGlobalSection
	GlobalSection(NestedProjects) = preSolution
		{C6A72F40-7AC0-499B-BA16-E1D91D39C2F6} = {57CF57DA-6B13-4310-9923-67135344BE0F}
		{9D600088-4991-4F11-9EA1-95C05172D00E} = {57CF57DA-6B13-4310-9923-67135344BE0F}
	EndGlobalSection
EndGlobal
