
Microsoft Visual Studio Solution File, Format Version 12.00
# Visual Studio 15
VisualStudioVersion = 15.0.26730.12
MinimumVisualStudioVersion = 10.0.40219.1
Project("{2150E333-8FDC-42A3-9474-1A3956D46DE8}") = "Solution Items", "Solution Items", "{67E3E554-8449-4AE5-B36E-60BA1881BB82}"
	ProjectSection(SolutionItems) = preProject
		..\.editorconfig = ..\.editorconfig
		..\README.md = ..\README.md
		..\nuget\readme.txt = ..\nuget\readme.txt
	EndProjectSection
EndProject
Project("{9A19103F-16F7-4668-BE54-9A1E7A4F7556}") = "DeviceInfo.Plugin", "DeviceInfo.Plugin\DeviceInfo.Plugin.csproj", "{C6A72F40-7AC0-499B-BA16-E1D91D39C2F6}"
EndProject
Project("{2150E333-8FDC-42A3-9474-1A3956D46DE8}") = "Shared", "Shared", "{57CF57DA-6B13-4310-9923-67135344BE0F}"
EndProject
Global
	GlobalSection(SolutionConfigurationPlatforms) = preSolution
		Debug|Any CPU = Debug|Any CPU
		Debug|ARM = Debug|ARM
		Debug|x64 = Debug|x64
		Debug|x86 = Debug|x86
		Release|Any CPU = Release|Any CPU
		Release|ARM = Release|ARM
		Release|x64 = Release|x64
		Release|x86 = Release|x86
	EndGlobalSection
	GlobalSection(ProjectConfigurationPlatforms) = postSolution
		{C6A72F40-7AC0-499B-BA16-E1D91D39C2F6}.Debug|Any CPU.ActiveCfg = Debug|Any CPU
		{C6A72F40-7AC0-499B-BA16-E1D91D39C2F6}.Debug|Any CPU.Build.0 = Debug|Any CPU
		{C6A72F40-7AC0-499B-BA16-E1D91D39C2F6}.Debug|ARM.ActiveCfg = Debug|Any CPU
		{C6A72F40-7AC0-499B-BA16-E1D91D39C2F6}.Debug|ARM.Build.0 = Debug|Any CPU
		{C6A72F40-7AC0-499B-BA16-E1D91D39C2F6}.Debug|x64.ActiveCfg = Debug|Any CPU
		{C6A72F40-7AC0-499B-BA16-E1D91D39C2F6}.Debug|x64.Build.0 = Debug|Any CPU
		{C6A72F40-7AC0-499B-BA16-E1D91D39C2F6}.Debug|x86.ActiveCfg = Debug|Any CPU
		{C6A72F40-7AC0-499B-BA16-E1D91D39C2F6}.Debug|x86.Build.0 = Debug|Any CPU
		{C6A72F40-7AC0-499B-BA16-E1D91D39C2F6}.Release|Any CPU.ActiveCfg = Release|Any CPU
		{C6A72F40-7AC0-499B-BA16-E1D91D39C2F6}.Release|Any CPU.Build.0 = Release|Any CPU
		{C6A72F40-7AC0-499B-BA16-E1D91D39C2F6}.Release|ARM.ActiveCfg = Release|Any CPU
		{C6A72F40-7AC0-499B-BA16-E1D91D39C2F6}.Release|ARM.Build.0 = Release|Any CPU
		{C6A72F40-7AC0-499B-BA16-E1D91D39C2F6}.Release|x64.ActiveCfg = Release|Any CPU
		{C6A72F40-7AC0-499B-BA16-E1D91D39C2F6}.Release|x64.Build.0 = Release|Any CPU
		{C6A72F40-7AC0-499B-BA16-E1D91D39C2F6}.Release|x86.ActiveCfg = Release|Any CPU
		{C6A72F40-7AC0-499B-BA16-E1D91D39C2F6}.Release|x86.Build.0 = Release|Any CPU
	EndGlobalSection
	GlobalSection(SolutionProperties) = preSolution
		HideSolutionNode = FALSE
	EndGlobalSection
	GlobalSection(ExtensibilityGlobals) = postSolution
		SolutionGuid = {8ADE5264-AE8C-4243-A2CB-5F4A14B0D219}
	EndGlobalSection
EndGlobal
